// !$*UTF8*$!
{
	archiveVersion = 1;
	classes = {
	};
	objectVersion = 46;
	objects = {

/* Begin PBXBuildFile section */
		F402440F19D9F96600466618 /* main.m in Sources */ = {isa = PBXBuildFile; fileRef = F402440E19D9F96600466618 /* main.m */; };
		F402441219D9F96600466618 /* AppDelegate.m in Sources */ = {isa = PBXBuildFile; fileRef = F402441119D9F96600466618 /* AppDelegate.m */; };
		F402441519D9F96600466618 /* ViewController.m in Sources */ = {isa = PBXBuildFile; fileRef = F402441419D9F96600466618 /* ViewController.m */; };
		F402441819D9F96600466618 /* Main.storyboard in Resources */ = {isa = PBXBuildFile; fileRef = F402441619D9F96600466618 /* Main.storyboard */; };
		F402441A19D9F96600466618 /* Images.xcassets in Resources */ = {isa = PBXBuildFile; fileRef = F402441919D9F96600466618 /* Images.xcassets */; };
		F402441D19D9F96600466618 /* LaunchScreen.xib in Resources */ = {isa = PBXBuildFile; fileRef = F402441B19D9F96600466618 /* LaunchScreen.xib */; };
		F402442919D9F96600466618 /* MultiplyTests.m in Sources */ = {isa = PBXBuildFile; fileRef = F402442819D9F96600466618 /* MultiplyTests.m */; };
/* End PBXBuildFile section */

/* Begin PBXContainerItemProxy section */
		F402442319D9F96600466618 /* PBXContainerItemProxy */ = {
			isa = PBXContainerItemProxy;
			containerPortal = F402440119D9F96500466618 /* Project object */;
			proxyType = 1;
			remoteGlobalIDString = F402440819D9F96600466618;
			remoteInfo = Multiply;
		};
/* End PBXContainerItemProxy section */

/* Begin PBXFileReference section */
		F402440919D9F96600466618 /* Multiply.app */ = {isa = PBXFileReference; explicitFileType = wrapper.application; includeInIndex = 0; path = Multiply.app; sourceTree = BUILT_PRODUCTS_DIR; };
		F402440D19D9F96600466618 /* Info.plist */ = {isa = PBXFileReference; lastKnownFileType = text.plist.xml; path = Info.plist; sourceTree = "<group>"; };
		F402440E19D9F96600466618 /* main.m */ = {isa = PBXFileReference; lastKnownFileType = sourcecode.c.objc; path = main.m; sourceTree = "<group>"; };
		F402441019D9F96600466618 /* AppDelegate.h */ = {isa = PBXFileReference; lastKnownFileType = sourcecode.c.h; path = AppDelegate.h; sourceTree = "<group>"; };
		F402441119D9F96600466618 /* AppDelegate.m */ = {isa = PBXFileReference; lastKnownFileType = sourcecode.c.objc; path = AppDelegate.m; sourceTree = "<group>"; };
		F402441319D9F96600466618 /* ViewController.h */ = {isa = PBXFileReference; lastKnownFileType = sourcecode.c.h; path = ViewController.h; sourceTree = "<group>"; };
		F402441419D9F96600466618 /* ViewController.m */ = {isa = PBXFileReference; lastKnownFileType = sourcecode.c.objc; path = ViewController.m; sourceTree = "<group>"; };
		F402441719D9F96600466618 /* Base */ = {isa = PBXFileReference; lastKnownFileType = file.storyboard; name = Base; path = Base.lproj/Main.storyboard; sourceTree = "<group>"; };
		F402441919D9F96600466618 /* Images.xcassets */ = {isa = PBXFileReference; lastKnownFileType = folder.assetcatalog; path = Images.xcassets; sourceTree = "<group>"; };
		F402441C19D9F96600466618 /* Base */ = {isa = PBXFileReference; lastKnownFileType = file.xib; name = Base; path = Base.lproj/LaunchScreen.xib; sourceTree = "<group>"; };
		F402442219D9F96600466618 /* MultiplyTests.xctest */ = {isa = PBXFileReference; explicitFileType = wrapper.cfbundle; includeInIndex = 0; path = MultiplyTests.xctest; sourceTree = BUILT_PRODUCTS_DIR; };
		F402442719D9F96600466618 /* Info.plist */ = {isa = PBXFileReference; lastKnownFileType = text.plist.xml; path = Info.plist; sourceTree = "<group>"; };
		F402442819D9F96600466618 /* MultiplyTests.m */ = {isa = PBXFileReference; lastKnownFileType = sourcecode.c.objc; path = MultiplyTests.m; sourceTree = "<group>"; };
/* End PBXFileReference section */

/* Begin PBXFrameworksBuildPhase section */
		F402440619D9F96600466618 /* Frameworks */ = {
			isa = PBXFrameworksBuildPhase;
			buildActionMask = 2147483647;
			files = (
			);
			runOnlyForDeploymentPostprocessing = 0;
		};
		F402441F19D9F96600466618 /* Frameworks */ = {
			isa = PBXFrameworksBuildPhase;
			buildActionMask = 2147483647;
			files = (
			);
			runOnlyForDeploymentPostprocessing = 0;
		};
/* End PBXFrameworksBuildPhase section */

/* Begin PBXGroup section */
		F402440019D9F96500466618 = {
			isa = PBXGroup;
			children = (
				F402440B19D9F96600466618 /* Multiply */,
				F402442519D9F96600466618 /* MultiplyTests */,
				F402440A19D9F96600466618 /* Products */,
			);
			sourceTree = "<group>";
		};
		F402440A19D9F96600466618 /* Products */ = {
			isa = PBXGroup;
			children = (
				F402440919D9F96600466618 /* Multiply.app */,
				F402442219D9F96600466618 /* MultiplyTests.xctest */,
			);
			name = Products;
			sourceTree = "<group>";
		};
		F402440B19D9F96600466618 /* Multiply */ = {
			isa = PBXGroup;
			children = (
				F402441019D9F96600466618 /* AppDelegate.h */,
				F402441119D9F96600466618 /* AppDelegate.m */,
				F402441319D9F96600466618 /* ViewController.h */,
				F402441419D9F96600466618 /* ViewController.m */,
				F402441619D9F96600466618 /* Main.storyboard */,
				F402441919D9F96600466618 /* Images.xcassets */,
				F402441B19D9F96600466618 /* LaunchScreen.xib */,
				F402440C19D9F96600466618 /* Supporting Files */,
			);
			path = Multiply;
			sourceTree = "<group>";
		};
		F402440C19D9F96600466618 /* Supporting Files */ = {
			isa = PBXGroup;
			children = (
				F402440D19D9F96600466618 /* Info.plist */,
				F402440E19D9F96600466618 /* main.m */,
			);
			name = "Supporting Files";
			sourceTree = "<group>";
		};
		F402442519D9F96600466618 /* MultiplyTests */ = {
			isa = PBXGroup;
			children = (
				F402442819D9F96600466618 /* MultiplyTests.m */,
				F402442619D9F96600466618 /* Supporting Files */,
			);
			path = MultiplyTests;
			sourceTree = "<group>";
		};
		F402442619D9F96600466618 /* Supporting Files */ = {
			isa = PBXGroup;
			children = (
				F402442719D9F96600466618 /* Info.plist */,
			);
			name = "Supporting Files";
			sourceTree = "<group>";
		};
/* End PBXGroup section */

/* Begin PBXNativeTarget section */
		F402440819D9F96600466618 /* Multiply */ = {
			isa = PBXNativeTarget;
			buildConfigurationList = F402442C19D9F96600466618 /* Build configuration list for PBXNativeTarget "Multiply" */;
			buildPhases = (
				F402440519D9F96600466618 /* Sources */,
				F402440619D9F96600466618 /* Frameworks */,
				F402440719D9F96600466618 /* Resources */,
			);
			buildRules = (
			);
			dependencies = (
			);
			name = Multiply;
			productName = Multiply;
			productReference = F402440919D9F96600466618 /* Multiply.app */;
			productType = "com.apple.product-type.application";
		};
		F402442119D9F96600466618 /* MultiplyTests */ = {
			isa = PBXNativeTarget;
			buildConfigurationList = F402442F19D9F96600466618 /* Build configuration list for PBXNativeTarget "MultiplyTests" */;
			buildPhases = (
				F402441E19D9F96600466618 /* Sources */,
				F402441F19D9F96600466618 /* Frameworks */,
				F402442019D9F96600466618 /* Resources */,
			);
			buildRules = (
			);
			dependencies = (
				F402442419D9F96600466618 /* PBXTargetDependency */,
			);
			name = MultiplyTests;
			productName = MultiplyTests;
			productReference = F402442219D9F96600466618 /* MultiplyTests.xctest */;
			productType = "com.apple.product-type.bundle.unit-test";
		};
/* End PBXNativeTarget section */

/* Begin PBXProject section */
		F402440119D9F96500466618 /* Project object */ = {
			isa = PBXProject;
			attributes = {
				LastUpgradeCheck = 0600;
				ORGANIZATIONNAME = learningIOS;
				TargetAttributes = {
					F402440819D9F96600466618 = {
						CreatedOnToolsVersion = 6.0.1;
					};
					F402442119D9F96600466618 = {
						CreatedOnToolsVersion = 6.0.1;
						TestTargetID = F402440819D9F96600466618;
					};
				};
			};
			buildConfigurationList = F402440419D9F96500466618 /* Build configuration list for PBXProject "Multiply" */;
			compatibilityVersion = "Xcode 3.2";
			developmentRegion = English;
			hasScannedForEncodings = 0;
			knownRegions = (
				en,
				Base,
			);
			mainGroup = F402440019D9F96500466618;
			productRefGroup = F402440A19D9F96600466618 /* Products */;
			projectDirPath = "";
			projectRoot = "";
			targets = (
				F402440819D9F96600466618 /* Multiply */,
				F402442119D9F96600466618 /* MultiplyTests */,
			);
		};
/* End PBXProject section */

/* Begin PBXResourcesBuildPhase section */
		F402440719D9F96600466618 /* Resources */ = {
			isa = PBXResourcesBuildPhase;
			buildActionMask = 2147483647;
			files = (
				F402441819D9F96600466618 /* Main.storyboard in Resources */,
				F402441D19D9F96600466618 /* LaunchScreen.xib in Resources */,
				F402441A19D9F96600466618 /* Images.xcassets in Resources */,
			);
			runOnlyForDeploymentPostprocessing = 0;
		};
		F402442019D9F96600466618 /* Resources */ = {
			isa = PBXResourcesBuildPhase;
			buildActionMask = 2147483647;
			files = (
			);
			runOnlyForDeploymentPostprocessing = 0;
		};
/* End PBXResourcesBuildPhase section */

/* Begin PBXSourcesBuildPhase section */
		F402440519D9F96600466618 /* Sources */ = {
			isa = PBXSourcesBuildPhase;
			buildActionMask = 2147483647;
			files = (
				F402441519D9F96600466618 /* ViewController.m in Sources */,
				F402441219D9F96600466618 /* AppDelegate.m in Sources */,
				F402440F19D9F96600466618 /* main.m in Sources */,
			);
			runOnlyForDeploymentPostprocessing = 0;
		};
		F402441E19D9F96600466618 /* Sources */ = {
			isa = PBXSourcesBuildPhase;
			buildActionMask = 2147483647;
			files = (
				F402442919D9F96600466618 /* MultiplyTests.m in Sources */,
			);
			runOnlyForDeploymentPostprocessing = 0;
		};
/* End PBXSourcesBuildPhase section */

/* Begin PBXTargetDependency section */
		F402442419D9F96600466618 /* PBXTargetDependency */ = {
			isa = PBXTargetDependency;
			target = F402440819D9F96600466618 /* Multiply */;
			targetProxy = F402442319D9F96600466618 /* PBXContainerItemProxy */;
		};
/* End PBXTargetDependency section */

/* Begin PBXVariantGroup section */
		F402441619D9F96600466618 /* Main.storyboard */ = {
			isa = PBXVariantGroup;
			children = (
				F402441719D9F96600466618 /* Base */,
			);
			name = Main.storyboard;
			sourceTree = "<group>";
		};
		F402441B19D9F96600466618 /* LaunchScreen.xib */ = {
			isa = PBXVariantGroup;
			children = (
				F402441C19D9F96600466618 /* Base */,
			);
			name = LaunchScreen.xib;
			sourceTree = "<group>";
		};
/* End PBXVariantGroup section */

/* Begin XCBuildConfiguration section */
		F402442A19D9F96600466618 /* Debug */ = {
			isa = XCBuildConfiguration;
			buildSettings = {
				ALWAYS_SEARCH_USER_PATHS = NO;
				CLANG_CXX_LANGUAGE_STANDARD = "gnu++0x";
				CLANG_CXX_LIBRARY = "libc++";
				CLANG_ENABLE_MODULES = YES;
				CLANG_ENABLE_OBJC_ARC = YES;
				CLANG_WARN_BOOL_CONVERSION = YES;
				CLANG_WARN_CONSTANT_CONVERSION = YES;
				CLANG_WARN_DIRECT_OBJC_ISA_USAGE = YES_ERROR;
				CLANG_WARN_EMPTY_BODY = YES;
				CLANG_WARN_ENUM_CONVERSION = YES;
				CLANG_WARN_INT_CONVERSION = YES;
				CLANG_WARN_OBJC_ROOT_CLASS = YES_ERROR;
				CLANG_WARN_UNREACHABLE_CODE = YES;
				CLANG_WARN__DUPLICATE_METHOD_MATCH = YES;
				"CODE_SIGN_IDENTITY[sdk=iphoneos*]" = "iPhone Developer";
				COPY_PHASE_STRIP = NO;
				ENABLE_STRICT_OBJC_MSGSEND = YES;
				GCC_C_LANGUAGE_STANDARD = gnu99;
				GCC_DYNAMIC_NO_PIC = NO;
				GCC_OPTIMIZATION_LEVEL = 0;
				GCC_PREPROCESSOR_DEFINITIONS = (
					"DEBUG=1",
					"$(inherited)",
				);
				GCC_SYMBOLS_PRIVATE_EXTERN = NO;
				GCC_WARN_64_TO_32_BIT_CONVERSION = YES;
				GCC_WARN_ABOUT_RETURN_TYPE = YES_ERROR;
				GCC_WARN_UNDECLARED_SELECTOR = YES;
				GCC_WARN_UNINITIALIZED_AUTOS = YES_AGGRESSIVE;
				GCC_WARN_UNUSED_FUNCTION = YES;
				GCC_WARN_UNUSED_VARIABLE = YES;
				IPHONEOS_DEPLOYMENT_TARGET = 8.0;
				MTL_ENABLE_DEBUG_INFO = YES;
				ONLY_ACTIVE_ARCH = YES;
				SDKROOT = iphoneos;
			};
			name = Debug;
		};
		F402442B19D9F96600466618 /* Release */ = {
			isa = XCBuildConfiguration;
			buildSettings = {
				ALWAYS_SEARCH_USER_PATHS = NO;
				CLANG_CXX_LANGUAGE_STANDARD = "gnu++0x";
				CLANG_CXX_LIBRARY = "libc++";
				CLANG_ENABLE_MODULES = YES;
				CLANG_ENABLE_OBJC_ARC = YES;
				CLANG_WARN_BOOL_CONVERSION = YES;
				CLANG_WARN_CONSTANT_CONVERSION = YES;
				CLANG_WARN_DIRECT_OBJC_ISA_USAGE = YES_ERROR;
				CLANG_WARN_EMPTY_BODY = YES;
				CLANG_WARN_ENUM_CONVERSION = YES;
				CLANG_WARN_INT_CONVERSION = YES;
				CLANG_WARN_OBJC_ROOT_CLASS = YES_ERROR;
				CLANG_WARN_UNREACHABLE_CODE = YES;
				CLANG_WARN__DUPLICATE_METHOD_MATCH = YES;
				"CODE_SIGN_IDENTITY[sdk=iphoneos*]" = "iPhone Developer";
				COPY_PHASE_STRIP = YES;
				ENABLE_NS_ASSERTIONS = NO;
				ENABLE_STRICT_OBJC_MSGSEND = YES;
				GCC_C_LANGUAGE_STANDARD = gnu99;
				GCC_WARN_64_TO_32_BIT_CONVERSION = YES;
				GCC_WARN_ABOUT_RETURN_TYPE = YES_ERROR;
				GCC_WARN_UNDECLARED_SELECTOR = YES;
				GCC_WARN_UNINITIALIZED_AUTOS = YES_AGGRESSIVE;
				GCC_WARN_UNUSED_FUNCTION = YES;
				GCC_WARN_UNUSED_VARIABLE = YES;
				IPHONEOS_DEPLOYMENT_TARGET = 8.0;
				MTL_ENABLE_DEBUG_INFO = NO;
				SDKROOT = iphoneos;
				VALIDATE_PRODUCT = YES;
			};
			name = Release;
		};
		F402442D19D9F96600466618 /* Debug */ = {
			isa = XCBuildConfiguration;
			buildSettings = {
				ASSETCATALOG_COMPILER_APPICON_NAME = AppIcon;
				INFOPLIST_FILE = Multiply/Info.plist;
				LD_RUNPATH_SEARCH_PATHS = "$(inherited) @executable_path/Frameworks";
				PRODUCT_NAME = "$(TARGET_NAME)";
			};
			name = Debug;
		};
		F402442E19D9F96600466618 /* Release */ = {
			isa = XCBuildConfiguration;
			buildSettings = {
				ASSETCATALOG_COMPILER_APPICON_NAME = AppIcon;
				INFOPLIST_FILE = Multiply/Info.plist;
				LD_RUNPATH_SEARCH_PATHS = "$(inherited) @executable_path/Frameworks";
				PRODUCT_NAME = "$(TARGET_NAME)";
			};
			name = Release;
		};
		F402443019D9F96600466618 /* Debug */ = {
			isa = XCBuildConfiguration;
			buildSettings = {
				BUNDLE_LOADER = "$(TEST_HOST)";
				FRAMEWORK_SEARCH_PATHS = (
					"$(SDKROOT)/Developer/Library/Frameworks",
					"$(inherited)",
				);
				GCC_PREPROCESSOR_DEFINITIONS = (
					"DEBUG=1",
					"$(inherited)",
				);
				INFOPLIST_FILE = MultiplyTests/Info.plist;
				LD_RUNPATH_SEARCH_PATHS = "$(inherited) @executable_path/Frameworks @loader_path/Frameworks";
				PRODUCT_NAME = "$(TARGET_NAME)";
				TEST_HOST = "$(BUILT_PRODUCTS_DIR)/Multiply.app/Multiply";
			};
			name = Debug;
		};
		F402443119D9F96600466618 /* Release */ = {
			isa = XCBuildConfiguration;
			buildSettings = {
				BUNDLE_LOADER = "$(TEST_HOST)";
				FRAMEWORK_SEARCH_PATHS = (
					"$(SDKROOT)/Developer/Library/Frameworks",
					"$(inherited)",
				);
				INFOPLIST_FILE = MultiplyTests/Info.plist;
				LD_RUNPATH_SEARCH_PATHS = "$(inherited) @executable_path/Frameworks @loader_path/Frameworks";
				PRODUCT_NAME = "$(TARGET_NAME)";
				TEST_HOST = "$(BUILT_PRODUCTS_DIR)/Multiply.app/Multiply";
			};
			name = Release;
		};
/* End XCBuildConfiguration section */

/* Begin XCConfigurationList section */
		F402440419D9F96500466618 /* Build configuration list for PBXProject "Multiply" */ = {
			isa = XCConfigurationList;
			buildConfigurations = (
				F402442A19D9F96600466618 /* Debug */,
				F402442B19D9F96600466618 /* Release */,
			);
			defaultConfigurationIsVisible = 0;
			defaultConfigurationName = Release;
		};
		F402442C19D9F96600466618 /* Build configuration list for PBXNativeTarget "Multiply" */ = {
			isa = XCConfigurationList;
			buildConfigurations = (
				F402442D19D9F96600466618 /* Debug */,
				F402442E19D9F96600466618 /* Release */,
			);
			defaultConfigurationIsVisible = 0;
		};
		F402442F19D9F96600466618 /* Build configuration list for PBXNativeTarget "MultiplyTests" */ = {
			isa = XCConfigurationList;
			buildConfigurations = (
				F402443019D9F96600466618 /* Debug */,
				F402443119D9F96600466618 /* Release */,
			);
			defaultConfigurationIsVisible = 0;
		};
/* End XCConfigurationList section */
	};
	rootObject = F402440119D9F96500466618 /* Project object */;
}
